
Microsoft Visual Studio Solution File, Format Version 12.00
# Visual Studio Version 16
VisualStudioVersion = 16.0.31613.86
MinimumVisualStudioVersion = 10.0.40219.1
Project("{9A19103F-16F7-4668-BE54-9A1E7A4F7556}") = "DynamoDbNotesApp", "DynamoDbNotesApp\DynamoDbNotesApp.csproj", "{5B716AAB-D1C0-4050-90AC-29903B51C2E0}"
EndProject
Project("{9A19103F-16F7-4668-BE54-9A1E7A4F7556}") = "DynamoDbNotesApp.Tests", "DynamoDbNotesApp.Tests\DynamoDbNotesApp.Tests.csproj", "{52E69C53-4E6C-4940-915E-92DA3FBD92A2}"
EndProject
Project("{2150E333-8FDC-42A3-9474-1A3956D46DE8}") = "Solution Items", "Solution Items", "{B124E112-D4F2-4904-B08B-F8CECA888A04}"
	ProjectSection(SolutionItems) = preProject
		instructions.txt = instructions.txt
	EndProjectSection
EndProject
Global
	GlobalSection(SolutionConfigurationPlatforms) = preSolution
		Debug|Any CPU = Debug|Any CPU
		Release|Any CPU = Release|Any CPU
	EndGlobalSection
	GlobalSection(ProjectConfigurationPlatforms) = postSolution
		{5B716AAB-D1C0-4050-90AC-29903B51C2E0}.Debug|Any CPU.ActiveCfg = Debug|Any CPU
		{5B716AAB-D1C0-4050-90AC-29903B51C2E0}.Debug|Any CPU.Build.0 = Debug|Any CPU
		{5B716AAB-D1C0-4050-90AC-29903B51C2E0}.Release|Any CPU.ActiveCfg = Release|Any CPU
		{5B716AAB-D1C0-4050-90AC-29903B51C2E0}.Release|Any CPU.Build.0 = Release|Any CPU
		{52E69C53-4E6C-4940-915E-92DA3FBD92A2}.Debug|Any CPU.ActiveCfg = Debug|Any CPU
		{52E69C53-4E6C-4940-915E-92DA3FBD92A2}.Debug|Any CPU.Build.0 = Debug|Any CPU
		{52E69C53-4E6C-4940-915E-92DA3FBD92A2}.Release|Any CPU.ActiveCfg = Release|Any CPU
		{52E69C53-4E6C-4940-915E-92DA3FBD92A2}.Release|Any CPU.Build.0 = Release|Any CPU
	EndGlobalSection
	GlobalSection(SolutionProperties) = preSolution
		HideSolutionNode = FALSE
	EndGlobalSection
	GlobalSection(ExtensibilityGlobals) = postSolution
		SolutionGuid = {B7E40416-8241-40D8-A600-F4D63C7978D6}
	EndGlobalSection
EndGlobal
